// !$*UTF8*$!
{
	archiveVersion = 1;
	classes = {
	};
	objectVersion = 77;
	objects = {

/* Begin PBXBuildFile section */
		86770B362D3C41C7006E614E /* FirebaseAuth in Frameworks */ = {isa = PBXBuildFile; productRef = 86770B352D3C41C7006E614E /* FirebaseAuth */; };
		86770B382D3C41C7006E614E /* FirebaseFirestore in Frameworks */ = {isa = PBXBuildFile; productRef = 86770B372D3C41C7006E614E /* FirebaseFirestore */; };
		86770B3A2D3C41C7006E614E /* FirebaseStorage in Frameworks */ = {isa = PBXBuildFile; productRef = 86770B392D3C41C7006E614E /* FirebaseStorage */; };
/* End PBXBuildFile section */

/* Begin PBXContainerItemProxy section */
		86770ADE2D3C2B83006E614E /* PBXContainerItemProxy */ = {
			isa = PBXContainerItemProxy;
			containerPortal = 86770AC52D3C2B81006E614E /* Project object */;
			proxyType = 1;
			remoteGlobalIDString = 86770ACC2D3C2B81006E614E;
			remoteInfo = PaddleApp;
		};
		86770AE82D3C2B83006E614E /* PBXContainerItemProxy */ = {
			isa = PBXContainerItemProxy;
			containerPortal = 86770AC52D3C2B81006E614E /* Project object */;
			proxyType = 1;
			remoteGlobalIDString = 86770ACC2D3C2B81006E614E;
			remoteInfo = PaddleApp;
		};
/* End PBXContainerItemProxy section */

/* Begin PBXFileReference section */
		86770ACD2D3C2B81006E614E /* PaddleApp.app */ = {isa = PBXFileReference; explicitFileType = wrapper.application; includeInIndex = 0; path = PaddleApp.app; sourceTree = BUILT_PRODUCTS_DIR; };
		86770ADD2D3C2B83006E614E /* PaddleAppTests.xctest */ = {isa = PBXFileReference; explicitFileType = wrapper.cfbundle; includeInIndex = 0; path = PaddleAppTests.xctest; sourceTree = BUILT_PRODUCTS_DIR; };
		86770AE72D3C2B83006E614E /* PaddleAppUITests.xctest */ = {isa = PBXFileReference; explicitFileType = wrapper.cfbundle; includeInIndex = 0; path = PaddleAppUITests.xctest; sourceTree = BUILT_PRODUCTS_DIR; };
/* End PBXFileReference section */

/* Begin PBXFileSystemSynchronizedBuildFileExceptionSet section */
		86770B112D3C2BED006E614E /* Exceptions for "PaddleApp" folder in "PaddleApp" target */ = {
			isa = PBXFileSystemSynchronizedBuildFileExceptionSet;
			membershipExceptions = (
				App/PaddleAppApp.swift,
				Componets/InputView.swift,
				Componets/SettingsRowView.swift,
				Componets/TeamHandling.swift,
				Core/Authentication/View/CoachRegistrationView.swift,
				Core/Authentication/View/CreateTeamView.swift,
				Core/Authentication/View/FeedView.swift,
				Core/Authentication/View/JoinTeamByIDView.swift,
				Core/Authentication/View/JoinTeamView.swift,
				Core/Authentication/View/LoginView.swift,
				Core/Authentication/View/NavBarView.swift,
				Core/Authentication/View/RegistrationView.swift,
				Core/Authentication/ViewModel/AuthViewModel.swift,
				Core/Profile/ChatView.swift,
				Core/Profile/DashBoardView.swift,
				Core/Profile/SettingsView.swift,
				Core/Root/ContentView.swift,
				"GoogleService-Info.plist",
				Model/Assets.xcassets,
				Model/DragonBoatTeam.swift,
				Model/User.swift,
				"Preview Content/Preview Assets.xcassets",
			);
			target = 86770ACC2D3C2B81006E614E /* PaddleApp */;
		};
		86770B122D3C2BED006E614E /* Exceptions for "PaddleApp" folder in "PaddleAppUITests" target */ = {
			isa = PBXFileSystemSynchronizedBuildFileExceptionSet;
			membershipExceptions = (
				App/PaddleAppApp.swift,
				Core/Root/ContentView.swift,
				"GoogleService-Info.plist",
				Model/Assets.xcassets,
				Model/DragonBoatTeam.swift,
				Model/User.swift,
				"Preview Content/Preview Assets.xcassets",
			);
			target = 86770AE62D3C2B83006E614E /* PaddleAppUITests */;
		};
/* End PBXFileSystemSynchronizedBuildFileExceptionSet section */

/* Begin PBXFileSystemSynchronizedRootGroup section */
		86770AE02D3C2B83006E614E /* PaddleAppTests */ = {
			isa = PBXFileSystemSynchronizedRootGroup;
			path = PaddleAppTests;
			sourceTree = "<group>";
		};
		86770AEA2D3C2B83006E614E /* PaddleAppUITests */ = {
			isa = PBXFileSystemSynchronizedRootGroup;
			path = PaddleAppUITests;
			sourceTree = "<group>";
		};
		86770B0C2D3C2BED006E614E /* PaddleApp */ = {
			isa = PBXFileSystemSynchronizedRootGroup;
			exceptions = (
				86770B112D3C2BED006E614E /* Exceptions for "PaddleApp" folder in "PaddleApp" target */,
				86770B122D3C2BED006E614E /* Exceptions for "PaddleApp" folder in "PaddleAppUITests" target */,
			);
			path = PaddleApp;
			sourceTree = "<group>";
		};
/* End PBXFileSystemSynchronizedRootGroup section */

/* Begin PBXFrameworksBuildPhase section */
		86770ACA2D3C2B81006E614E /* Frameworks */ = {
			isa = PBXFrameworksBuildPhase;
			buildActionMask = 2147483647;
			files = (
				86770B362D3C41C7006E614E /* FirebaseAuth in Frameworks */,
				86770B382D3C41C7006E614E /* FirebaseFirestore in Frameworks */,
				86770B3A2D3C41C7006E614E /* FirebaseStorage in Frameworks */,
			);
			runOnlyForDeploymentPostprocessing = 0;
		};
		86770ADA2D3C2B83006E614E /* Frameworks */ = {
			isa = PBXFrameworksBuildPhase;
			buildActionMask = 2147483647;
			files = (
			);
			runOnlyForDeploymentPostprocessing = 0;
		};
		86770AE42D3C2B83006E614E /* Frameworks */ = {
			isa = PBXFrameworksBuildPhase;
			buildActionMask = 2147483647;
			files = (
			);
			runOnlyForDeploymentPostprocessing = 0;
		};
/* End PBXFrameworksBuildPhase section */

/* Begin PBXGroup section */
		86770AC42D3C2B81006E614E = {
			isa = PBXGroup;
			children = (
				86770B0C2D3C2BED006E614E /* PaddleApp */,
				86770AE02D3C2B83006E614E /* PaddleAppTests */,
				86770AEA2D3C2B83006E614E /* PaddleAppUITests */,
				86770ACE2D3C2B81006E614E /* Products */,
			);
			sourceTree = "<group>";
		};
		86770ACE2D3C2B81006E614E /* Products */ = {
			isa = PBXGroup;
			children = (
				86770ACD2D3C2B81006E614E /* PaddleApp.app */,
				86770ADD2D3C2B83006E614E /* PaddleAppTests.xctest */,
				86770AE72D3C2B83006E614E /* PaddleAppUITests.xctest */,
			);
			name = Products;
			sourceTree = "<group>";
		};
/* End PBXGroup section */

/* Begin PBXNativeTarget section */
		86770ACC2D3C2B81006E614E /* PaddleApp */ = {
			isa = PBXNativeTarget;
			buildConfigurationList = 86770AF12D3C2B83006E614E /* Build configuration list for PBXNativeTarget "PaddleApp" */;
			buildPhases = (
				86770AC92D3C2B81006E614E /* Sources */,
				86770ACA2D3C2B81006E614E /* Frameworks */,
				86770ACB2D3C2B81006E614E /* Resources */,
			);
			buildRules = (
			);
			dependencies = (
			);
			name = PaddleApp;
			packageProductDependencies = (
				86770B352D3C41C7006E614E /* FirebaseAuth */,
				86770B372D3C41C7006E614E /* FirebaseFirestore */,
				86770B392D3C41C7006E614E /* FirebaseStorage */,
			);
			productName = PaddleApp;
			productReference = 86770ACD2D3C2B81006E614E /* PaddleApp.app */;
			productType = "com.apple.product-type.application";
		};
		86770ADC2D3C2B83006E614E /* PaddleAppTests */ = {
			isa = PBXNativeTarget;
			buildConfigurationList = 86770AF42D3C2B83006E614E /* Build configuration list for PBXNativeTarget "PaddleAppTests" */;
			buildPhases = (
				86770AD92D3C2B83006E614E /* Sources */,
				86770ADA2D3C2B83006E614E /* Frameworks */,
				86770ADB2D3C2B83006E614E /* Resources */,
			);
			buildRules = (
			);
			dependencies = (
				86770ADF2D3C2B83006E614E /* PBXTargetDependency */,
			);
			fileSystemSynchronizedGroups = (
				86770AE02D3C2B83006E614E /* PaddleAppTests */,
			);
			name = PaddleAppTests;
			packageProductDependencies = (
			);
			productName = PaddleAppTests;
			productReference = 86770ADD2D3C2B83006E614E /* PaddleAppTests.xctest */;
			productType = "com.apple.product-type.bundle.unit-test";
		};
		86770AE62D3C2B83006E614E /* PaddleAppUITests */ = {
			isa = PBXNativeTarget;
			buildConfigurationList = 86770AF72D3C2B83006E614E /* Build configuration list for PBXNativeTarget "PaddleAppUITests" */;
			buildPhases = (
				86770AE32D3C2B83006E614E /* Sources */,
				86770AE42D3C2B83006E614E /* Frameworks */,
				86770AE52D3C2B83006E614E /* Resources */,
			);
			buildRules = (
			);
			dependencies = (
				86770AE92D3C2B83006E614E /* PBXTargetDependency */,
			);
			fileSystemSynchronizedGroups = (
				86770AEA2D3C2B83006E614E /* PaddleAppUITests */,
				86770B0C2D3C2BED006E614E /* PaddleApp */,
			);
			name = PaddleAppUITests;
			packageProductDependencies = (
			);
			productName = PaddleAppUITests;
			productReference = 86770AE72D3C2B83006E614E /* PaddleAppUITests.xctest */;
			productType = "com.apple.product-type.bundle.ui-testing";
		};
/* End PBXNativeTarget section */

/* Begin PBXProject section */
		86770AC52D3C2B81006E614E /* Project object */ = {
			isa = PBXProject;
			attributes = {
				BuildIndependentTargetsInParallel = 1;
				LastSwiftUpdateCheck = 1620;
				LastUpgradeCheck = 1620;
				TargetAttributes = {
					86770ACC2D3C2B81006E614E = {
						CreatedOnToolsVersion = 16.2;
					};
					86770ADC2D3C2B83006E614E = {
						CreatedOnToolsVersion = 16.2;
						TestTargetID = 86770ACC2D3C2B81006E614E;
					};
					86770AE62D3C2B83006E614E = {
						CreatedOnToolsVersion = 16.2;
						TestTargetID = 86770ACC2D3C2B81006E614E;
					};
				};
			};
			buildConfigurationList = 86770AC82D3C2B81006E614E /* Build configuration list for PBXProject "PaddleApp" */;
			developmentRegion = en;
			hasScannedForEncodings = 0;
			knownRegions = (
				en,
				Base,
			);
			mainGroup = 86770AC42D3C2B81006E614E;
			minimizedProjectReferenceProxies = 1;
			packageReferences = (
				86770B342D3C41C7006E614E /* XCRemoteSwiftPackageReference "firebase-ios-sdk" */,
			);
			preferredProjectObjectVersion = 77;
			productRefGroup = 86770ACE2D3C2B81006E614E /* Products */;
			projectDirPath = "";
			projectRoot = "";
			targets = (
				86770ACC2D3C2B81006E614E /* PaddleApp */,
				86770ADC2D3C2B83006E614E /* PaddleAppTests */,
				86770AE62D3C2B83006E614E /* PaddleAppUITests */,
			);
		};
/* End PBXProject section */

/* Begin PBXResourcesBuildPhase section */
		86770ACB2D3C2B81006E614E /* Resources */ = {
			isa = PBXResourcesBuildPhase;
			buildActionMask = 2147483647;
			files = (
			);
			runOnlyForDeploymentPostprocessing = 0;
		};
		86770ADB2D3C2B83006E614E /* Resources */ = {
			isa = PBXResourcesBuildPhase;
			buildActionMask = 2147483647;
			files = (
			);
			runOnlyForDeploymentPostprocessing = 0;
		};
		86770AE52D3C2B83006E614E /* Resources */ = {
			isa = PBXResourcesBuildPhase;
			buildActionMask = 2147483647;
			files = (
			);
			runOnlyForDeploymentPostprocessing = 0;
		};
/* End PBXResourcesBuildPhase section */

/* Begin PBXSourcesBuildPhase section */
		86770AC92D3C2B81006E614E /* Sources */ = {
			isa = PBXSourcesBuildPhase;
			buildActionMask = 2147483647;
			files = (
			);
			runOnlyForDeploymentPostprocessing = 0;
		};
		86770AD92D3C2B83006E614E /* Sources */ = {
			isa = PBXSourcesBuildPhase;
			buildActionMask = 2147483647;
			files = (
			);
			runOnlyForDeploymentPostprocessing = 0;
		};
		86770AE32D3C2B83006E614E /* Sources */ = {
			isa = PBXSourcesBuildPhase;
			buildActionMask = 2147483647;
			files = (
			);
			runOnlyForDeploymentPostprocessing = 0;
		};
/* End PBXSourcesBuildPhase section */

/* Begin PBXTargetDependency section */
		86770ADF2D3C2B83006E614E /* PBXTargetDependency */ = {
			isa = PBXTargetDependency;
			target = 86770ACC2D3C2B81006E614E /* PaddleApp */;
			targetProxy = 86770ADE2D3C2B83006E614E /* PBXContainerItemProxy */;
		};
		86770AE92D3C2B83006E614E /* PBXTargetDependency */ = {
			isa = PBXTargetDependency;
			target = 86770ACC2D3C2B81006E614E /* PaddleApp */;
			targetProxy = 86770AE82D3C2B83006E614E /* PBXContainerItemProxy */;
		};
/* End PBXTargetDependency section */

/* Begin XCBuildConfiguration section */
		86770AEF2D3C2B83006E614E /* Debug */ = {
			isa = XCBuildConfiguration;
			buildSettings = {
				ALWAYS_SEARCH_USER_PATHS = NO;
				ASSETCATALOG_COMPILER_GENERATE_SWIFT_ASSET_SYMBOL_EXTENSIONS = YES;
				CLANG_ANALYZER_NONNULL = YES;
				CLANG_ANALYZER_NUMBER_OBJECT_CONVERSION = YES_AGGRESSIVE;
				CLANG_CXX_LANGUAGE_STANDARD = "gnu++20";
				CLANG_ENABLE_MODULES = YES;
				CLANG_ENABLE_OBJC_ARC = YES;
				CLANG_ENABLE_OBJC_WEAK = YES;
				CLANG_WARN_BLOCK_CAPTURE_AUTORELEASING = YES;
				CLANG_WARN_BOOL_CONVERSION = YES;
				CLANG_WARN_COMMA = YES;
				CLANG_WARN_CONSTANT_CONVERSION = YES;
				CLANG_WARN_DEPRECATED_OBJC_IMPLEMENTATIONS = YES;
				CLANG_WARN_DIRECT_OBJC_ISA_USAGE = YES_ERROR;
				CLANG_WARN_DOCUMENTATION_COMMENTS = YES;
				CLANG_WARN_EMPTY_BODY = YES;
				CLANG_WARN_ENUM_CONVERSION = YES;
				CLANG_WARN_INFINITE_RECURSION = YES;
				CLANG_WARN_INT_CONVERSION = YES;
				CLANG_WARN_NON_LITERAL_NULL_CONVERSION = YES;
				CLANG_WARN_OBJC_IMPLICIT_RETAIN_SELF = YES;
				CLANG_WARN_OBJC_LITERAL_CONVERSION = YES;
				CLANG_WARN_OBJC_ROOT_CLASS = YES_ERROR;
				CLANG_WARN_QUOTED_INCLUDE_IN_FRAMEWORK_HEADER = YES;
				CLANG_WARN_RANGE_LOOP_ANALYSIS = YES;
				CLANG_WARN_STRICT_PROTOTYPES = YES;
				CLANG_WARN_SUSPICIOUS_MOVE = YES;
				CLANG_WARN_UNGUARDED_AVAILABILITY = YES_AGGRESSIVE;
				CLANG_WARN_UNREACHABLE_CODE = YES;
				CLANG_WARN__DUPLICATE_METHOD_MATCH = YES;
				COPY_PHASE_STRIP = NO;
				DEBUG_INFORMATION_FORMAT = dwarf;
				ENABLE_STRICT_OBJC_MSGSEND = YES;
				ENABLE_TESTABILITY = YES;
				ENABLE_USER_SCRIPT_SANDBOXING = YES;
				GCC_C_LANGUAGE_STANDARD = gnu17;
				GCC_DYNAMIC_NO_PIC = NO;
				GCC_NO_COMMON_BLOCKS = YES;
				GCC_OPTIMIZATION_LEVEL = 0;
				GCC_PREPROCESSOR_DEFINITIONS = (
					"DEBUG=1",
					"$(inherited)",
				);
				GCC_WARN_64_TO_32_BIT_CONVERSION = YES;
				GCC_WARN_ABOUT_RETURN_TYPE = YES_ERROR;
				GCC_WARN_UNDECLARED_SELECTOR = YES;
				GCC_WARN_UNINITIALIZED_AUTOS = YES_AGGRESSIVE;
				GCC_WARN_UNUSED_FUNCTION = YES;
				GCC_WARN_UNUSED_VARIABLE = YES;
				IPHONEOS_DEPLOYMENT_TARGET = 18.2;
				LOCALIZATION_PREFERS_STRING_CATALOGS = YES;
				MTL_ENABLE_DEBUG_INFO = INCLUDE_SOURCE;
				MTL_FAST_MATH = YES;
				ONLY_ACTIVE_ARCH = YES;
				SDKROOT = iphoneos;
				SWIFT_ACTIVE_COMPILATION_CONDITIONS = "DEBUG $(inherited)";
				SWIFT_OPTIMIZATION_LEVEL = "-Onone";
			};
			name = Debug;
		};
		86770AF02D3C2B83006E614E /* Release */ = {
			isa = XCBuildConfiguration;
			buildSettings = {
				ALWAYS_SEARCH_USER_PATHS = NO;
				ASSETCATALOG_COMPILER_GENERATE_SWIFT_ASSET_SYMBOL_EXTENSIONS = YES;
				CLANG_ANALYZER_NONNULL = YES;
				CLANG_ANALYZER_NUMBER_OBJECT_CONVERSION = YES_AGGRESSIVE;
				CLANG_CXX_LANGUAGE_STANDARD = "gnu++20";
				CLANG_ENABLE_MODULES = YES;
				CLANG_ENABLE_OBJC_ARC = YES;
				CLANG_ENABLE_OBJC_WEAK = YES;
				CLANG_WARN_BLOCK_CAPTURE_AUTORELEASING = YES;
				CLANG_WARN_BOOL_CONVERSION = YES;
				CLANG_WARN_COMMA = YES;
				CLANG_WARN_CONSTANT_CONVERSION = YES;
				CLANG_WARN_DEPRECATED_OBJC_IMPLEMENTATIONS = YES;
				CLANG_WARN_DIRECT_OBJC_ISA_USAGE = YES_ERROR;
				CLANG_WARN_DOCUMENTATION_COMMENTS = YES;
				CLANG_WARN_EMPTY_BODY = YES;
				CLANG_WARN_ENUM_CONVERSION = YES;
				CLANG_WARN_INFINITE_RECURSION = YES;
				CLANG_WARN_INT_CONVERSION = YES;
				CLANG_WARN_NON_LITERAL_NULL_CONVERSION = YES;
				CLANG_WARN_OBJC_IMPLICIT_RETAIN_SELF = YES;
				CLANG_WARN_OBJC_LITERAL_CONVERSION = YES;
				CLANG_WARN_OBJC_ROOT_CLASS = YES_ERROR;
				CLANG_WARN_QUOTED_INCLUDE_IN_FRAMEWORK_HEADER = YES;
				CLANG_WARN_RANGE_LOOP_ANALYSIS = YES;
				CLANG_WARN_STRICT_PROTOTYPES = YES;
				CLANG_WARN_SUSPICIOUS_MOVE = YES;
				CLANG_WARN_UNGUARDED_AVAILABILITY = YES_AGGRESSIVE;
				CLANG_WARN_UNREACHABLE_CODE = YES;
				CLANG_WARN__DUPLICATE_METHOD_MATCH = YES;
				COPY_PHASE_STRIP = NO;
				DEBUG_INFORMATION_FORMAT = "dwarf-with-dsym";
				ENABLE_NS_ASSERTIONS = NO;
				ENABLE_STRICT_OBJC_MSGSEND = YES;
				ENABLE_USER_SCRIPT_SANDBOXING = YES;
				GCC_C_LANGUAGE_STANDARD = gnu17;
				GCC_NO_COMMON_BLOCKS = YES;
				GCC_WARN_64_TO_32_BIT_CONVERSION = YES;
				GCC_WARN_ABOUT_RETURN_TYPE = YES_ERROR;
				GCC_WARN_UNDECLARED_SELECTOR = YES;
				GCC_WARN_UNINITIALIZED_AUTOS = YES_AGGRESSIVE;
				GCC_WARN_UNUSED_FUNCTION = YES;
				GCC_WARN_UNUSED_VARIABLE = YES;
				IPHONEOS_DEPLOYMENT_TARGET = 18.2;
				LOCALIZATION_PREFERS_STRING_CATALOGS = YES;
				MTL_ENABLE_DEBUG_INFO = NO;
				MTL_FAST_MATH = YES;
				SDKROOT = iphoneos;
				SWIFT_COMPILATION_MODE = wholemodule;
				VALIDATE_PRODUCT = YES;
			};
			name = Release;
		};
		86770AF22D3C2B83006E614E /* Debug */ = {
			isa = XCBuildConfiguration;
			buildSettings = {
				ASSETCATALOG_COMPILER_APPICON_NAME = AppIcon;
				ASSETCATALOG_COMPILER_GLOBAL_ACCENT_COLOR_NAME = AccentColor;
				CODE_SIGN_STYLE = Automatic;
				CURRENT_PROJECT_VERSION = 1;
				DEVELOPMENT_ASSET_PATHS = "\"PaddleApp/Preview Content\"";
				DEVELOPMENT_TEAM = 2CCDQ55DP7;
				ENABLE_PREVIEWS = YES;
				GENERATE_INFOPLIST_FILE = YES;
				INFOPLIST_KEY_UIApplicationSceneManifest_Generation = YES;
				INFOPLIST_KEY_UIApplicationSupportsIndirectInputEvents = YES;
				INFOPLIST_KEY_UILaunchScreen_Generation = YES;
				INFOPLIST_KEY_UISupportedInterfaceOrientations_iPad = "UIInterfaceOrientationPortrait UIInterfaceOrientationPortraitUpsideDown UIInterfaceOrientationLandscapeLeft UIInterfaceOrientationLandscapeRight";
				INFOPLIST_KEY_UISupportedInterfaceOrientations_iPhone = "UIInterfaceOrientationPortrait UIInterfaceOrientationLandscapeLeft UIInterfaceOrientationLandscapeRight";
				LD_RUNPATH_SEARCH_PATHS = (
					"$(inherited)",
					"@executable_path/Frameworks",
				);
				MARKETING_VERSION = 1.0;
				PRODUCT_BUNDLE_IDENTIFIER = SofTx.PaddleApp;
				PRODUCT_NAME = "$(TARGET_NAME)";
				SWIFT_EMIT_LOC_STRINGS = YES;
				SWIFT_VERSION = 5.0;
				TARGETED_DEVICE_FAMILY = "1,2";
			};
			name = Debug;
		};
		86770AF32D3C2B83006E614E /* Release */ = {
			isa = XCBuildConfiguration;
			buildSettings = {
				ASSETCATALOG_COMPILER_APPICON_NAME = AppIcon;
				ASSETCATALOG_COMPILER_GLOBAL_ACCENT_COLOR_NAME = AccentColor;
				CODE_SIGN_STYLE = Automatic;
				CURRENT_PROJECT_VERSION = 1;
				DEVELOPMENT_ASSET_PATHS = "\"PaddleApp/Preview Content\"";
				DEVELOPMENT_TEAM = 2CCDQ55DP7;
				ENABLE_PREVIEWS = YES;
				GENERATE_INFOPLIST_FILE = YES;
				INFOPLIST_KEY_UIApplicationSceneManifest_Generation = YES;
				INFOPLIST_KEY_UIApplicationSupportsIndirectInputEvents = YES;
				INFOPLIST_KEY_UILaunchScreen_Generation = YES;
				INFOPLIST_KEY_UISupportedInterfaceOrientations_iPad = "UIInterfaceOrientationPortrait UIInterfaceOrientationPortraitUpsideDown UIInterfaceOrientationLandscapeLeft UIInterfaceOrientationLandscapeRight";
				INFOPLIST_KEY_UISupportedInterfaceOrientations_iPhone = "UIInterfaceOrientationPortrait UIInterfaceOrientationLandscapeLeft UIInterfaceOrientationLandscapeRight";
				LD_RUNPATH_SEARCH_PATHS = (
					"$(inherited)",
					"@executable_path/Frameworks",
				);
				MARKETING_VERSION = 1.0;
				PRODUCT_BUNDLE_IDENTIFIER = SofTx.PaddleApp;
				PRODUCT_NAME = "$(TARGET_NAME)";
				SWIFT_EMIT_LOC_STRINGS = YES;
				SWIFT_VERSION = 5.0;
				TARGETED_DEVICE_FAMILY = "1,2";
			};
			name = Release;
		};
		86770AF52D3C2B83006E614E /* Debug */ = {
			isa = XCBuildConfiguration;
			buildSettings = {
				BUNDLE_LOADER = "$(TEST_HOST)";
				CODE_SIGN_STYLE = Automatic;
				CURRENT_PROJECT_VERSION = 1;
				DEVELOPMENT_TEAM = 2CCDQ55DP7;
				GENERATE_INFOPLIST_FILE = YES;
				IPHONEOS_DEPLOYMENT_TARGET = 18.2;
				MARKETING_VERSION = 1.0;
				PRODUCT_BUNDLE_IDENTIFIER = SofTx.PaddleAppTests;
				PRODUCT_NAME = "$(TARGET_NAME)";
				SWIFT_EMIT_LOC_STRINGS = NO;
				SWIFT_VERSION = 5.0;
				TARGETED_DEVICE_FAMILY = "1,2";
				TEST_HOST = "$(BUILT_PRODUCTS_DIR)/PaddleApp.app/$(BUNDLE_EXECUTABLE_FOLDER_PATH)/PaddleApp";
			};
			name = Debug;
		};
		86770AF62D3C2B83006E614E /* Release */ = {
			isa = XCBuildConfiguration;
			buildSettings = {
				BUNDLE_LOADER = "$(TEST_HOST)";
				CODE_SIGN_STYLE = Automatic;
				CURRENT_PROJECT_VERSION = 1;
				DEVELOPMENT_TEAM = 2CCDQ55DP7;
				GENERATE_INFOPLIST_FILE = YES;
				IPHONEOS_DEPLOYMENT_TARGET = 18.2;
				MARKETING_VERSION = 1.0;
				PRODUCT_BUNDLE_IDENTIFIER = SofTx.PaddleAppTests;
				PRODUCT_NAME = "$(TARGET_NAME)";
				SWIFT_EMIT_LOC_STRINGS = NO;
				SWIFT_VERSION = 5.0;
				TARGETED_DEVICE_FAMILY = "1,2";
				TEST_HOST = "$(BUILT_PRODUCTS_DIR)/PaddleApp.app/$(BUNDLE_EXECUTABLE_FOLDER_PATH)/PaddleApp";
			};
			name = Release;
		};
		86770AF82D3C2B83006E614E /* Debug */ = {
			isa = XCBuildConfiguration;
			buildSettings = {
				CODE_SIGN_STYLE = Automatic;
				CURRENT_PROJECT_VERSION = 1;
				DEVELOPMENT_TEAM = 2CCDQ55DP7;
				GENERATE_INFOPLIST_FILE = YES;
				MARKETING_VERSION = 1.0;
				PRODUCT_BUNDLE_IDENTIFIER = SofTx.PaddleAppUITests;
				PRODUCT_NAME = "$(TARGET_NAME)";
				SWIFT_EMIT_LOC_STRINGS = NO;
				SWIFT_VERSION = 5.0;
				TARGETED_DEVICE_FAMILY = "1,2";
				TEST_TARGET_NAME = PaddleApp;
			};
			name = Debug;
		};
		86770AF92D3C2B83006E614E /* Release */ = {
			isa = XCBuildConfiguration;
			buildSettings = {
				CODE_SIGN_STYLE = Automatic;
				CURRENT_PROJECT_VERSION = 1;
				DEVELOPMENT_TEAM = 2CCDQ55DP7;
				GENERATE_INFOPLIST_FILE = YES;
				MARKETING_VERSION = 1.0;
				PRODUCT_BUNDLE_IDENTIFIER = SofTx.PaddleAppUITests;
				PRODUCT_NAME = "$(TARGET_NAME)";
				SWIFT_EMIT_LOC_STRINGS = NO;
				SWIFT_VERSION = 5.0;
				TARGETED_DEVICE_FAMILY = "1,2";
				TEST_TARGET_NAME = PaddleApp;
			};
			name = Release;
		};
/* End XCBuildConfiguration section */

/* Begin XCConfigurationList section */
		86770AC82D3C2B81006E614E /* Build configuration list for PBXProject "PaddleApp" */ = {
			isa = XCConfigurationList;
			buildConfigurations = (
				86770AEF2D3C2B83006E614E /* Debug */,
				86770AF02D3C2B83006E614E /* Release */,
			);
			defaultConfigurationIsVisible = 0;
			defaultConfigurationName = Release;
		};
		86770AF12D3C2B83006E614E /* Build configuration list for PBXNativeTarget "PaddleApp" */ = {
			isa = XCConfigurationList;
			buildConfigurations = (
				86770AF22D3C2B83006E614E /* Debug */,
				86770AF32D3C2B83006E614E /* Release */,
			);
			defaultConfigurationIsVisible = 0;
			defaultConfigurationName = Release;
		};
		86770AF42D3C2B83006E614E /* Build configuration list for PBXNativeTarget "PaddleAppTests" */ = {
			isa = XCConfigurationList;
			buildConfigurations = (
				86770AF52D3C2B83006E614E /* Debug */,
				86770AF62D3C2B83006E614E /* Release */,
			);
			defaultConfigurationIsVisible = 0;
			defaultConfigurationName = Release;
		};
		86770AF72D3C2B83006E614E /* Build configuration list for PBXNativeTarget "PaddleAppUITests" */ = {
			isa = XCConfigurationList;
			buildConfigurations = (
				86770AF82D3C2B83006E614E /* Debug */,
				86770AF92D3C2B83006E614E /* Release */,
			);
			defaultConfigurationIsVisible = 0;
			defaultConfigurationName = Release;
		};
/* End XCConfigurationList section */

/* Begin XCRemoteSwiftPackageReference section */
		86770B342D3C41C7006E614E /* XCRemoteSwiftPackageReference "firebase-ios-sdk" */ = {
			isa = XCRemoteSwiftPackageReference;
			repositoryURL = "https://github.com/firebase/firebase-ios-sdk.git";
			requirement = {
				kind = upToNextMajorVersion;
				minimumVersion = 11.7.0;
			};
		};
/* End XCRemoteSwiftPackageReference section */

/* Begin XCSwiftPackageProductDependency section */
		86770B352D3C41C7006E614E /* FirebaseAuth */ = {
			isa = XCSwiftPackageProductDependency;
			package = 86770B342D3C41C7006E614E /* XCRemoteSwiftPackageReference "firebase-ios-sdk" */;
			productName = FirebaseAuth;
		};
		86770B372D3C41C7006E614E /* FirebaseFirestore */ = {
			isa = XCSwiftPackageProductDependency;
			package = 86770B342D3C41C7006E614E /* XCRemoteSwiftPackageReference "firebase-ios-sdk" */;
			productName = FirebaseFirestore;
		};
		86770B392D3C41C7006E614E /* FirebaseStorage */ = {
			isa = XCSwiftPackageProductDependency;
			package = 86770B342D3C41C7006E614E /* XCRemoteSwiftPackageReference "firebase-ios-sdk" */;
			productName = FirebaseStorage;
		};
/* End XCSwiftPackageProductDependency section */
	};
	rootObject = 86770AC52D3C2B81006E614E /* Project object */;
}
